
Microsoft Visual Studio Solution File, Format Version 12.00
# Visual Studio Version 17
VisualStudioVersion = 17.0.31903.59
MinimumVisualStudioVersion = 10.0.40219.1
Project("{FAE04EC0-301F-11D3-BF4B-00C04F79EFBC}") = "StoreApi", "StoreApi.csproj", "{448171B3-8D02-43D7-941F-146E3879FB2E}"
EndProject
Project("{2150E333-8FDC-42A3-9474-1A3956D46DE8}") = "Microservices", "Microservices", "{8A367DDA-5161-A942-4F09-60E4726C9306}"
EndProject
Project("{FAE04EC0-301F-11D3-BF4B-00C04F79EFBC}") = "ApiGateway", "Microservices\ApiGateway\ApiGateway.csproj", "{1BEEE6B6-A1C3-4CBB-B39E-369C074E7D60}"
EndProject
Project("{FAE04EC0-301F-11D3-BF4B-00C04F79EFBC}") = "BffService", "Microservices\BffService\BffService.csproj", "{EC6C0C98-29E6-47B2-A629-9B50224223BC}"
EndProject
Project("{FAE04EC0-301F-11D3-BF4B-00C04F79EFBC}") = "InventoryService", "Microservices\InventoryService\InventoryService.csproj", "{AD784613-6879-48D6-A406-D4026DDB7AB6}"
EndProject
Project("{FAE04EC0-301F-11D3-BF4B-00C04F79EFBC}") = "NotificationService", "Microservices\NotificationService\NotificationService.csproj", "{97FFEC1A-88CC-482A-8BDC-3064AFC7540B}"
EndProject
Project("{FAE04EC0-301F-11D3-BF4B-00C04F79EFBC}") = "OrderService", "Microservices\OrderService\OrderService.csproj", "{198B552A-094D-43AF-A4F6-4C16AE230F16}"
EndProject
Project("{FAE04EC0-301F-11D3-BF4B-00C04F79EFBC}") = "ProductCatalogService", "Microservices\ProductCatalogService\ProductCatalogService.csproj", "{67F9877D-7682-4E2C-914F-5B548EF45277}"
EndProject
Project("{FAE04EC0-301F-11D3-BF4B-00C04F79EFBC}") = "StoreApi.Tests", "StoreApi.Tests\StoreApi.Tests.csproj", "{B649DD21-3DA7-476D-889D-4CC90CB49539}"
EndProject
Global
	GlobalSection(SolutionConfigurationPlatforms) = preSolution
		Debug|Any CPU = Debug|Any CPU
		Debug|x64 = Debug|x64
		Debug|x86 = Debug|x86
		Release|Any CPU = Release|Any CPU
		Release|x64 = Release|x64
		Release|x86 = Release|x86
	EndGlobalSection
	GlobalSection(ProjectConfigurationPlatforms) = postSolution
		{448171B3-8D02-43D7-941F-146E3879FB2E}.Debug|Any CPU.ActiveCfg = Debug|Any CPU
		{448171B3-8D02-43D7-941F-146E3879FB2E}.Debug|Any CPU.Build.0 = Debug|Any CPU
		{448171B3-8D02-43D7-941F-146E3879FB2E}.Debug|x64.ActiveCfg = Debug|Any CPU
		{448171B3-8D02-43D7-941F-146E3879FB2E}.Debug|x64.Build.0 = Debug|Any CPU
		{448171B3-8D02-43D7-941F-146E3879FB2E}.Debug|x86.ActiveCfg = Debug|Any CPU
		{448171B3-8D02-43D7-941F-146E3879FB2E}.Debug|x86.Build.0 = Debug|Any CPU
		{448171B3-8D02-43D7-941F-146E3879FB2E}.Release|Any CPU.ActiveCfg = Release|Any CPU
		{448171B3-8D02-43D7-941F-146E3879FB2E}.Release|Any CPU.Build.0 = Release|Any CPU
		{448171B3-8D02-43D7-941F-146E3879FB2E}.Release|x64.ActiveCfg = Release|Any CPU
		{448171B3-8D02-43D7-941F-146E3879FB2E}.Release|x64.Build.0 = Release|Any CPU
		{448171B3-8D02-43D7-941F-146E3879FB2E}.Release|x86.ActiveCfg = Release|Any CPU
		{448171B3-8D02-43D7-941F-146E3879FB2E}.Release|x86.Build.0 = Release|Any CPU
		{1BEEE6B6-A1C3-4CBB-B39E-369C074E7D60}.Debug|Any CPU.ActiveCfg = Debug|Any CPU
		{1BEEE6B6-A1C3-4CBB-B39E-369C074E7D60}.Debug|Any CPU.Build.0 = Debug|Any CPU
		{1BEEE6B6-A1C3-4CBB-B39E-369C074E7D60}.Debug|x64.ActiveCfg = Debug|Any CPU
		{1BEEE6B6-A1C3-4CBB-B39E-369C074E7D60}.Debug|x64.Build.0 = Debug|Any CPU
		{1BEEE6B6-A1C3-4CBB-B39E-369C074E7D60}.Debug|x86.ActiveCfg = Debug|Any CPU
		{1BEEE6B6-A1C3-4CBB-B39E-369C074E7D60}.Debug|x86.Build.0 = Debug|Any CPU
		{1BEEE6B6-A1C3-4CBB-B39E-369C074E7D60}.Release|Any CPU.ActiveCfg = Release|Any CPU
		{1BEEE6B6-A1C3-4CBB-B39E-369C074E7D60}.Release|Any CPU.Build.0 = Release|Any CPU
		{1BEEE6B6-A1C3-4CBB-B39E-369C074E7D60}.Release|x64.ActiveCfg = Release|Any CPU
		{1BEEE6B6-A1C3-4CBB-B39E-369C074E7D60}.Release|x64.Build.0 = Release|Any CPU
		{1BEEE6B6-A1C3-4CBB-B39E-369C074E7D60}.Release|x86.ActiveCfg = Release|Any CPU
		{1BEEE6B6-A1C3-4CBB-B39E-369C074E7D60}.Release|x86.Build.0 = Release|Any CPU
		{EC6C0C98-29E6-47B2-A629-9B50224223BC}.Debug|Any CPU.ActiveCfg = Debug|Any CPU
		{EC6C0C98-29E6-47B2-A629-9B50224223BC}.Debug|Any CPU.Build.0 = Debug|Any CPU
		{EC6C0C98-29E6-47B2-A629-9B50224223BC}.Debug|x64.ActiveCfg = Debug|Any CPU
		{EC6C0C98-29E6-47B2-A629-9B50224223BC}.Debug|x64.Build.0 = Debug|Any CPU
		{EC6C0C98-29E6-47B2-A629-9B50224223BC}.Debug|x86.ActiveCfg = Debug|Any CPU
		{EC6C0C98-29E6-47B2-A629-9B50224223BC}.Debug|x86.Build.0 = Debug|Any CPU
		{EC6C0C98-29E6-47B2-A629-9B50224223BC}.Release|Any CPU.ActiveCfg = Release|Any CPU
		{EC6C0C98-29E6-47B2-A629-9B50224223BC}.Release|Any CPU.Build.0 = Release|Any CPU
		{EC6C0C98-29E6-47B2-A629-9B50224223BC}.Release|x64.ActiveCfg = Release|Any CPU
		{EC6C0C98-29E6-47B2-A629-9B50224223BC}.Release|x64.Build.0 = Release|Any CPU
		{EC6C0C98-29E6-47B2-A629-9B50224223BC}.Release|x86.ActiveCfg = Release|Any CPU
		{EC6C0C98-29E6-47B2-A629-9B50224223BC}.Release|x86.Build.0 = Release|Any CPU
		{AD784613-6879-48D6-A406-D4026DDB7AB6}.Debug|Any CPU.ActiveCfg = Debug|Any CPU
		{AD784613-6879-48D6-A406-D4026DDB7AB6}.Debug|Any CPU.Build.0 = Debug|Any CPU
		{AD784613-6879-48D6-A406-D4026DDB7AB6}.Debug|x64.ActiveCfg = Debug|Any CPU
		{AD784613-6879-48D6-A406-D4026DDB7AB6}.Debug|x64.Build.0 = Debug|Any CPU
		{AD784613-6879-48D6-A406-D4026DDB7AB6}.Debug|x86.ActiveCfg = Debug|Any CPU
		{AD784613-6879-48D6-A406-D4026DDB7AB6}.Debug|x86.Build.0 = Debug|Any CPU
		{AD784613-6879-48D6-A406-D4026DDB7AB6}.Release|Any CPU.ActiveCfg = Release|Any CPU
		{AD784613-6879-48D6-A406-D4026DDB7AB6}.Release|Any CPU.Build.0 = Release|Any CPU
		{AD784613-6879-48D6-A406-D4026DDB7AB6}.Release|x64.ActiveCfg = Release|Any CPU
		{AD784613-6879-48D6-A406-D4026DDB7AB6}.Release|x64.Build.0 = Release|Any CPU
		{AD784613-6879-48D6-A406-D4026DDB7AB6}.Release|x86.ActiveCfg = Release|Any CPU
		{AD784613-6879-48D6-A406-D4026DDB7AB6}.Release|x86.Build.0 = Release|Any CPU
		{97FFEC1A-88CC-482A-8BDC-3064AFC7540B}.Debug|Any CPU.ActiveCfg = Debug|Any CPU
		{97FFEC1A-88CC-482A-8BDC-3064AFC7540B}.Debug|Any CPU.Build.0 = Debug|Any CPU
		{97FFEC1A-88CC-482A-8BDC-3064AFC7540B}.Debug|x64.ActiveCfg = Debug|Any CPU
		{97FFEC1A-88CC-482A-8BDC-3064AFC7540B}.Debug|x64.Build.0 = Debug|Any CPU
		{97FFEC1A-88CC-482A-8BDC-3064AFC7540B}.Debug|x86.ActiveCfg = Debug|Any CPU
		{97FFEC1A-88CC-482A-8BDC-3064AFC7540B}.Debug|x86.Build.0 = Debug|Any CPU
		{97FFEC1A-88CC-482A-8BDC-3064AFC7540B}.Release|Any CPU.ActiveCfg = Release|Any CPU
		{97FFEC1A-88CC-482A-8BDC-3064AFC7540B}.Release|Any CPU.Build.0 = Release|Any CPU
		{97FFEC1A-88CC-482A-8BDC-3064AFC7540B}.Release|x64.ActiveCfg = Release|Any CPU
		{97FFEC1A-88CC-482A-8BDC-3064AFC7540B}.Release|x64.Build.0 = Release|Any CPU
		{97FFEC1A-88CC-482A-8BDC-3064AFC7540B}.Release|x86.ActiveCfg = Release|Any CPU
		{97FFEC1A-88CC-482A-8BDC-3064AFC7540B}.Release|x86.Build.0 = Release|Any CPU
		{198B552A-094D-43AF-A4F6-4C16AE230F16}.Debug|Any CPU.ActiveCfg = Debug|Any CPU
		{198B552A-094D-43AF-A4F6-4C16AE230F16}.Debug|Any CPU.Build.0 = Debug|Any CPU
		{198B552A-094D-43AF-A4F6-4C16AE230F16}.Debug|x64.ActiveCfg = Debug|Any CPU
		{198B552A-094D-43AF-A4F6-4C16AE230F16}.Debug|x64.Build.0 = Debug|Any CPU
		{198B552A-094D-43AF-A4F6-4C16AE230F16}.Debug|x86.ActiveCfg = Debug|Any CPU
		{198B552A-094D-43AF-A4F6-4C16AE230F16}.Debug|x86.Build.0 = Debug|Any CPU
		{198B552A-094D-43AF-A4F6-4C16AE230F16}.Release|Any CPU.ActiveCfg = Release|Any CPU
		{198B552A-094D-43AF-A4F6-4C16AE230F16}.Release|Any CPU.Build.0 = Release|Any CPU
		{198B552A-094D-43AF-A4F6-4C16AE230F16}.Release|x64.ActiveCfg = Release|Any CPU
		{198B552A-094D-43AF-A4F6-4C16AE230F16}.Release|x64.Build.0 = Release|Any CPU
		{198B552A-094D-43AF-A4F6-4C16AE230F16}.Release|x86.ActiveCfg = Release|Any CPU
		{198B552A-094D-43AF-A4F6-4C16AE230F16}.Release|x86.Build.0 = Release|Any CPU
		{67F9877D-7682-4E2C-914F-5B548EF45277}.Debug|Any CPU.ActiveCfg = Debug|Any CPU
		{67F9877D-7682-4E2C-914F-5B548EF45277}.Debug|Any CPU.Build.0 = Debug|Any CPU
		{67F9877D-7682-4E2C-914F-5B548EF45277}.Debug|x64.ActiveCfg = Debug|Any CPU
		{67F9877D-7682-4E2C-914F-5B548EF45277}.Debug|x64.Build.0 = Debug|Any CPU
		{67F9877D-7682-4E2C-914F-5B548EF45277}.Debug|x86.ActiveCfg = Debug|Any CPU
		{67F9877D-7682-4E2C-914F-5B548EF45277}.Debug|x86.Build.0 = Debug|Any CPU
		{67F9877D-7682-4E2C-914F-5B548EF45277}.Release|Any CPU.ActiveCfg = Release|Any CPU
		{67F9877D-7682-4E2C-914F-5B548EF45277}.Release|Any CPU.Build.0 = Release|Any CPU
		{67F9877D-7682-4E2C-914F-5B548EF45277}.Release|x64.ActiveCfg = Release|Any CPU
		{67F9877D-7682-4E2C-914F-5B548EF45277}.Release|x64.Build.0 = Release|Any CPU
		{67F9877D-7682-4E2C-914F-5B548EF45277}.Release|x86.ActiveCfg = Release|Any CPU
		{67F9877D-7682-4E2C-914F-5B548EF45277}.Release|x86.Build.0 = Release|Any CPU
		{B649DD21-3DA7-476D-889D-4CC90CB49539}.Debug|Any CPU.ActiveCfg = Debug|Any CPU
		{B649DD21-3DA7-476D-889D-4CC90CB49539}.Debug|Any CPU.Build.0 = Debug|Any CPU
		{B649DD21-3DA7-476D-889D-4CC90CB49539}.Debug|x64.ActiveCfg = Debug|Any CPU
		{B649DD21-3DA7-476D-889D-4CC90CB49539}.Debug|x64.Build.0 = Debug|Any CPU
		{B649DD21-3DA7-476D-889D-4CC90CB49539}.Debug|x86.ActiveCfg = Debug|Any CPU
		{B649DD21-3DA7-476D-889D-4CC90CB49539}.Debug|x86.Build.0 = Debug|Any CPU
		{B649DD21-3DA7-476D-889D-4CC90CB49539}.Release|Any CPU.ActiveCfg = Release|Any CPU
		{B649DD21-3DA7-476D-889D-4CC90CB49539}.Release|Any CPU.Build.0 = Release|Any CPU
		{B649DD21-3DA7-476D-889D-4CC90CB49539}.Release|x64.ActiveCfg = Release|Any CPU
		{B649DD21-3DA7-476D-889D-4CC90CB49539}.Release|x64.Build.0 = Release|Any CPU
		{B649DD21-3DA7-476D-889D-4CC90CB49539}.Release|x86.ActiveCfg = Release|Any CPU
		{B649DD21-3DA7-476D-889D-4CC90CB49539}.Release|x86.Build.0 = Release|Any CPU
	EndGlobalSection
	GlobalSection(SolutionProperties) = preSolution
		HideSolutionNode = FALSE
	EndGlobalSection
	GlobalSection(NestedProjects) = preSolution
		{1BEEE6B6-A1C3-4CBB-B39E-369C074E7D60} = {8A367DDA-5161-A942-4F09-60E4726C9306}
		{EC6C0C98-29E6-47B2-A629-9B50224223BC} = {8A367DDA-5161-A942-4F09-60E4726C9306}
		{AD784613-6879-48D6-A406-D4026DDB7AB6} = {8A367DDA-5161-A942-4F09-60E4726C9306}
		{97FFEC1A-88CC-482A-8BDC-3064AFC7540B} = {8A367DDA-5161-A942-4F09-60E4726C9306}
		{198B552A-094D-43AF-A4F6-4C16AE230F16} = {8A367DDA-5161-A942-4F09-60E4726C9306}
		{67F9877D-7682-4E2C-914F-5B548EF45277} = {8A367DDA-5161-A942-4F09-60E4726C9306}
		{B649DD21-3DA7-476D-889D-4CC90CB49539} = {8A367DDA-5161-A942-4F09-60E4726C9306}
	EndGlobalSection
EndGlobal
